<?xml version="1.0" encoding="utf-8"?>
<Project ToolsVersion="4.0" xmlns="http://schemas.microsoft.com/developer/msbuild/2003">
  <ItemGroup>
    <Filter Include="lib/DearIMGUI">
      <UniqueIdentifier>{99fe0d38-64c8-4931-ae27-973e63b439d0}</UniqueIdentifier>
    </Filter>
    <Filter Include="lib/DearIMGUI-OGRE">
      <UniqueIdentifier>{96a263bd-3fa8-491d-ac75-b5256b54f693}</UniqueIdentifier>
    </Filter>
    <Filter Include="src">
      <UniqueIdentifier>{93995380-89BD-4b04-88EB-625FBE52EBFB}</UniqueIdentifier>
      <Extensions>h;hh;hpp;hxx;hm;inl;inc;xsd</Extensions>
    </Filter>
  </ItemGroup>
  <ItemGroup>
    <Text Include="ReadMe.txt" />
  </ItemGroup>
  <ItemGroup>
    <ClInclude Include="stdafx.h">
      <Filter>src</Filter>
    </ClInclude>
    <ClInclude Include="targetver.h">
      <Filter>src</Filter>
    </ClInclude>
    <ClInclude Include="BaseApplication.h">
      <Filter>src</Filter>
    </ClInclude>
    <ClInclude Include="lib\DearIMGUI\imconfig.h">
      <Filter>lib/DearIMGUI</Filter>
    </ClInclude>
    <ClInclude Include="lib\DearIMGUI\imgui.h">
      <Filter>lib/DearIMGUI</Filter>
    </ClInclude>
    <ClInclude Include="lib\DearIMGUI\imgui_internal.h">
      <Filter>lib/DearIMGUI</Filter>
    </ClInclude>
    <ClInclude Include="lib\DearIMGUI\stb_rect_pack.h">
      <Filter>lib/DearIMGUI</Filter>
    </ClInclude>
    <ClInclude Include="lib\DearIMGUI\stb_textedit.h">
      <Filter>lib/DearIMGUI</Filter>
    </ClInclude>
    <ClInclude Include="lib\DearIMGUI\stb_truetype.h">
      <Filter>lib/DearIMGUI</Filter>
    </ClInclude>
    <ClInclude Include="lib\DearIMGUI_OGRE\ImguiManager.h">
      <Filter>lib/DearIMGUI-OGRE</Filter>
    </ClInclude>
    <ClInclude Include="lib\DearIMGUI_OGRE\ImguiRenderable.h">
      <Filter>lib/DearIMGUI-OGRE</Filter>
    </ClInclude>
  </ItemGroup>
  <ItemGroup>
    <ClCompile Include="lib\DearIMGUI\imgui.cpp">
      <Filter>lib/DearIMGUI</Filter>
    </ClCompile>
    <ClCompile Include="lib\DearIMGUI\imgui_demo.cpp">
      <Filter>lib/DearIMGUI</Filter>
    </ClCompile>
    <ClCompile Include="lib\DearIMGUI\imgui_draw.cpp">
      <Filter>lib/DearIMGUI</Filter>
    </ClCompile>
    <ClCompile Include="lib\DearIMGUI_OGRE\ImguiManager.cpp">
      <Filter>lib/DearIMGUI-OGRE</Filter>
    </ClCompile>
    <ClCompile Include="lib\DearIMGUI_OGRE\ImguiRenderable.cpp">
      <Filter>lib/DearIMGUI-OGRE</Filter>
    </ClCompile>
    <ClCompile Include="BaseApplication.cpp">
      <Filter>src</Filter>
    </ClCompile>
    <ClCompile Include="stdafx.cpp">
      <Filter>src</Filter>
    </ClCompile>
  </ItemGroup>
</Project>